
Microsoft Visual Studio Solution File, Format Version 12.00
# Visual Studio Version 17
VisualStudioVersion = 17.7.34031.279
MinimumVisualStudioVersion = 10.0.40219.1
Project("{FAE04EC0-301F-11D3-BF4B-00C04F79EFBC}") = "eshop s detmi", "eshop s detmi\eshop s detmi.csproj", "{C814F27B-2EC1-4FF6-A1D0-8C8747AF1ABC}"
EndProject
Global
	GlobalSection(SolutionConfigurationPlatforms) = preSolution
		Debug|Any CPU = Debug|Any CPU
		Release|Any CPU = Release|Any CPU
	EndGlobalSection
	GlobalSection(ProjectConfigurationPlatforms) = postSolution
		{C814F27B-2EC1-4FF6-A1D0-8C8747AF1ABC}.Debug|Any CPU.ActiveCfg = Debug|Any CPU
		{C814F27B-2EC1-4FF6-A1D0-8C8747AF1ABC}.Debug|Any CPU.Build.0 = Debug|Any CPU
		{C814F27B-2EC1-4FF6-A1D0-8C8747AF1ABC}.Release|Any CPU.ActiveCfg = Release|Any CPU
		{C814F27B-2EC1-4FF6-A1D0-8C8747AF1ABC}.Release|Any CPU.Build.0 = Release|Any CPU
	EndGlobalSection
	GlobalSection(SolutionProperties) = preSolution
		HideSolutionNode = FALSE
	EndGlobalSection
	GlobalSection(ExtensibilityGlobals) = postSolution
		SolutionGuid = {FDF099D5-6CD1-40DB-B3FE-27FB66199CE4}
	EndGlobalSection
EndGlobal
